
Microsoft Visual Studio Solution File, Format Version 12.00
# Visual Studio Version 16
VisualStudioVersion = 16.0.30011.22
MinimumVisualStudioVersion = 10.0.40219.1
Project("{2150E333-8FDC-42A3-9474-1A3956D46DE8}") = "src", "src", "{3A60B5EB-6C80-4D0F-8E45-2D3053AA2167}"
EndProject
Project("{9A19103F-16F7-4668-BE54-9A1E7A4F7556}") = "ReversePolishNotation.Calculator", "src\ReversePolishNotation.Calculator\ReversePolishNotation.Calculator.csproj", "{FB0CCA67-C18B-42B8-BBDD-6DADED1009D4}"
EndProject
Project("{9A19103F-16F7-4668-BE54-9A1E7A4F7556}") = "ReversePolishNotation.Calculator.ExpressionEvaluators", "src\ReversePolishNotation.Calculator.ExpressionEvaluators\ReversePolishNotation.Calculator.ExpressionEvaluators.csproj", "{0EF82769-184E-41EF-A2CD-F45C3343BF11}"
EndProject
Project("{9A19103F-16F7-4668-BE54-9A1E7A4F7556}") = "ReversePolishNotation.Calculator.Utiles", "src\ReversePolishNotation.Calculator.Utiles\ReversePolishNotation.Calculator.Utiles.csproj", "{4DDD24E0-2401-4747-A89C-15614AFC9FD1}"
EndProject
Project("{2150E333-8FDC-42A3-9474-1A3956D46DE8}") = "tests", "tests", "{C38D4BEC-F936-42FB-AF4C-7D66154F128D}"
EndProject
Project("{FAE04EC0-301F-11D3-BF4B-00C04F79EFBC}") = "ReversePolishNotation.Calculator.UnitTest", "tests\ReversePolishNotation.Calculator.UnitTest\ReversePolishNotation.Calculator.UnitTest.csproj", "{92691922-3610-4F05-8871-29297A97FC88}"
EndProject
Project("{FAE04EC0-301F-11D3-BF4B-00C04F79EFBC}") = "ReversePolishNotation.Calculator.Common", "src\ReversePolishNotation.Calculator.Common\ReversePolishNotation.Calculator.Common.csproj", "{58447DBF-8EFD-4878-9DAF-CB9B5B826289}"
EndProject
Global
	GlobalSection(SolutionConfigurationPlatforms) = preSolution
		Debug|Any CPU = Debug|Any CPU
		Release|Any CPU = Release|Any CPU
	EndGlobalSection
	GlobalSection(ProjectConfigurationPlatforms) = postSolution
		{FB0CCA67-C18B-42B8-BBDD-6DADED1009D4}.Debug|Any CPU.ActiveCfg = Debug|Any CPU
		{FB0CCA67-C18B-42B8-BBDD-6DADED1009D4}.Debug|Any CPU.Build.0 = Debug|Any CPU
		{FB0CCA67-C18B-42B8-BBDD-6DADED1009D4}.Release|Any CPU.ActiveCfg = Release|Any CPU
		{FB0CCA67-C18B-42B8-BBDD-6DADED1009D4}.Release|Any CPU.Build.0 = Release|Any CPU
		{0EF82769-184E-41EF-A2CD-F45C3343BF11}.Debug|Any CPU.ActiveCfg = Debug|Any CPU
		{0EF82769-184E-41EF-A2CD-F45C3343BF11}.Debug|Any CPU.Build.0 = Debug|Any CPU
		{0EF82769-184E-41EF-A2CD-F45C3343BF11}.Release|Any CPU.ActiveCfg = Release|Any CPU
		{0EF82769-184E-41EF-A2CD-F45C3343BF11}.Release|Any CPU.Build.0 = Release|Any CPU
		{4DDD24E0-2401-4747-A89C-15614AFC9FD1}.Debug|Any CPU.ActiveCfg = Debug|Any CPU
		{4DDD24E0-2401-4747-A89C-15614AFC9FD1}.Debug|Any CPU.Build.0 = Debug|Any CPU
		{4DDD24E0-2401-4747-A89C-15614AFC9FD1}.Release|Any CPU.ActiveCfg = Release|Any CPU
		{4DDD24E0-2401-4747-A89C-15614AFC9FD1}.Release|Any CPU.Build.0 = Release|Any CPU
		{92691922-3610-4F05-8871-29297A97FC88}.Debug|Any CPU.ActiveCfg = Debug|Any CPU
		{92691922-3610-4F05-8871-29297A97FC88}.Debug|Any CPU.Build.0 = Debug|Any CPU
		{92691922-3610-4F05-8871-29297A97FC88}.Release|Any CPU.ActiveCfg = Release|Any CPU
		{92691922-3610-4F05-8871-29297A97FC88}.Release|Any CPU.Build.0 = Release|Any CPU
		{58447DBF-8EFD-4878-9DAF-CB9B5B826289}.Debug|Any CPU.ActiveCfg = Debug|Any CPU
		{58447DBF-8EFD-4878-9DAF-CB9B5B826289}.Debug|Any CPU.Build.0 = Debug|Any CPU
		{58447DBF-8EFD-4878-9DAF-CB9B5B826289}.Release|Any CPU.ActiveCfg = Release|Any CPU
		{58447DBF-8EFD-4878-9DAF-CB9B5B826289}.Release|Any CPU.Build.0 = Release|Any CPU
	EndGlobalSection
	GlobalSection(SolutionProperties) = preSolution
		HideSolutionNode = FALSE
	EndGlobalSection
	GlobalSection(NestedProjects) = preSolution
		{FB0CCA67-C18B-42B8-BBDD-6DADED1009D4} = {3A60B5EB-6C80-4D0F-8E45-2D3053AA2167}
		{0EF82769-184E-41EF-A2CD-F45C3343BF11} = {3A60B5EB-6C80-4D0F-8E45-2D3053AA2167}
		{4DDD24E0-2401-4747-A89C-15614AFC9FD1} = {3A60B5EB-6C80-4D0F-8E45-2D3053AA2167}
		{92691922-3610-4F05-8871-29297A97FC88} = {C38D4BEC-F936-42FB-AF4C-7D66154F128D}
		{58447DBF-8EFD-4878-9DAF-CB9B5B826289} = {3A60B5EB-6C80-4D0F-8E45-2D3053AA2167}
	EndGlobalSection
	GlobalSection(ExtensibilityGlobals) = postSolution
		SolutionGuid = {CACE423D-270C-4782-9BE0-780055FA7CCD}
	EndGlobalSection
EndGlobal
